// !$*UTF8*$!
{
	archiveVersion = 1;
	classes = {
	};
	objectVersion = 55;
	objects = {

/* Begin PBXBuildFile section */
		91EBF7F928F6FC5A00F82451 /* AppDelegate.swift in Sources */ = {isa = PBXBuildFile; fileRef = 91EBF7F828F6FC5A00F82451 /* AppDelegate.swift */; };
		91EBF7FB28F6FC5A00F82451 /* SceneDelegate.swift in Sources */ = {isa = PBXBuildFile; fileRef = 91EBF7FA28F6FC5A00F82451 /* SceneDelegate.swift */; };
		91EBF7FD28F6FC5A00F82451 /* ViewController.swift in Sources */ = {isa = PBXBuildFile; fileRef = 91EBF7FC28F6FC5A00F82451 /* ViewController.swift */; };
		91EBF80228F6FC5D00F82451 /* Assets.xcassets in Resources */ = {isa = PBXBuildFile; fileRef = 91EBF80128F6FC5D00F82451 /* Assets.xcassets */; };
		91EBF80528F6FC5D00F82451 /* LaunchScreen.storyboard in Resources */ = {isa = PBXBuildFile; fileRef = 91EBF80328F6FC5D00F82451 /* LaunchScreen.storyboard */; };
		91EBF81128F74DE200F82451 /* String + Extension.swift in Sources */ = {isa = PBXBuildFile; fileRef = 91EBF81028F74DE200F82451 /* String + Extension.swift */; };
		91EBF81428F7502200F82451 /* SnapKit in Frameworks */ = {isa = PBXBuildFile; productRef = 91EBF81328F7502200F82451 /* SnapKit */; };
/* End PBXBuildFile section */

/* Begin PBXFileReference section */
		91EBF7F528F6FC5A00F82451 /* BruteForce.app */ = {isa = PBXFileReference; explicitFileType = wrapper.application; includeInIndex = 0; path = BruteForce.app; sourceTree = BUILT_PRODUCTS_DIR; };
		91EBF7F828F6FC5A00F82451 /* AppDelegate.swift */ = {isa = PBXFileReference; lastKnownFileType = sourcecode.swift; path = AppDelegate.swift; sourceTree = "<group>"; };
		91EBF7FA28F6FC5A00F82451 /* SceneDelegate.swift */ = {isa = PBXFileReference; lastKnownFileType = sourcecode.swift; path = SceneDelegate.swift; sourceTree = "<group>"; };
		91EBF7FC28F6FC5A00F82451 /* ViewController.swift */ = {isa = PBXFileReference; lastKnownFileType = sourcecode.swift; path = ViewController.swift; sourceTree = "<group>"; };
		91EBF80128F6FC5D00F82451 /* Assets.xcassets */ = {isa = PBXFileReference; lastKnownFileType = folder.assetcatalog; path = Assets.xcassets; sourceTree = "<group>"; };
		91EBF80428F6FC5D00F82451 /* Base */ = {isa = PBXFileReference; lastKnownFileType = file.storyboard; name = Base; path = Base.lproj/LaunchScreen.storyboard; sourceTree = "<group>"; };
		91EBF80628F6FC5D00F82451 /* Info.plist */ = {isa = PBXFileReference; lastKnownFileType = text.plist.xml; path = Info.plist; sourceTree = "<group>"; };
		91EBF81028F74DE200F82451 /* String + Extension.swift */ = {isa = PBXFileReference; lastKnownFileType = sourcecode.swift; path = "String + Extension.swift"; sourceTree = "<group>"; };
/* End PBXFileReference section */

/* Begin PBXFrameworksBuildPhase section */
		91EBF7F228F6FC5A00F82451 /* Frameworks */ = {
			isa = PBXFrameworksBuildPhase;
			buildActionMask = 2147483647;
			files = (
				91EBF81428F7502200F82451 /* SnapKit in Frameworks */,
			);
			runOnlyForDeploymentPostprocessing = 0;
		};
/* End PBXFrameworksBuildPhase section */

/* Begin PBXGroup section */
		91EBF7EC28F6FC5A00F82451 = {
			isa = PBXGroup;
			children = (
				91EBF7F728F6FC5A00F82451 /* BruteForce */,
				91EBF7F628F6FC5A00F82451 /* Products */,
			);
			sourceTree = "<group>";
		};
		91EBF7F628F6FC5A00F82451 /* Products */ = {
			isa = PBXGroup;
			children = (
				91EBF7F528F6FC5A00F82451 /* BruteForce.app */,
			);
			name = Products;
			sourceTree = "<group>";
		};
		91EBF7F728F6FC5A00F82451 /* BruteForce */ = {
			isa = PBXGroup;
			children = (
				91EBF80D28F6FFBB00F82451 /* Sources */,
				91EBF80C28F6FFB500F82451 /* Resources */,
			);
			path = BruteForce;
			sourceTree = "<group>";
		};
		91EBF80C28F6FFB500F82451 /* Resources */ = {
			isa = PBXGroup;
			children = (
				91EBF80128F6FC5D00F82451 /* Assets.xcassets */,
				91EBF80328F6FC5D00F82451 /* LaunchScreen.storyboard */,
				91EBF80628F6FC5D00F82451 /* Info.plist */,
			);
			path = Resources;
			sourceTree = "<group>";
		};
		91EBF80D28F6FFBB00F82451 /* Sources */ = {
			isa = PBXGroup;
			children = (
				91EBF80F28F74DC500F82451 /* Extensions */,
				91EBF80E28F6FFC300F82451 /* App */,
				91EBF7FC28F6FC5A00F82451 /* ViewController.swift */,
			);
			path = Sources;
			sourceTree = "<group>";
		};
		91EBF80E28F6FFC300F82451 /* App */ = {
			isa = PBXGroup;
			children = (
				91EBF7F828F6FC5A00F82451 /* AppDelegate.swift */,
				91EBF7FA28F6FC5A00F82451 /* SceneDelegate.swift */,
			);
			path = App;
			sourceTree = "<group>";
		};
		91EBF80F28F74DC500F82451 /* Extensions */ = {
			isa = PBXGroup;
			children = (
				91EBF81028F74DE200F82451 /* String + Extension.swift */,
			);
			path = Extensions;
			sourceTree = "<group>";
		};
/* End PBXGroup section */

/* Begin PBXNativeTarget section */
		91EBF7F428F6FC5A00F82451 /* BruteForce */ = {
			isa = PBXNativeTarget;
			buildConfigurationList = 91EBF80928F6FC5D00F82451 /* Build configuration list for PBXNativeTarget "BruteForce" */;
			buildPhases = (
				91EBF7F128F6FC5A00F82451 /* Sources */,
				91EBF7F228F6FC5A00F82451 /* Frameworks */,
				91EBF7F328F6FC5A00F82451 /* Resources */,
			);
			buildRules = (
			);
			dependencies = (
			);
			name = BruteForce;
			packageProductDependencies = (
				91EBF81328F7502200F82451 /* SnapKit */,
			);
			productName = BruteForce;
			productReference = 91EBF7F528F6FC5A00F82451 /* BruteForce.app */;
			productType = "com.apple.product-type.application";
		};
/* End PBXNativeTarget section */

/* Begin PBXProject section */
		91EBF7ED28F6FC5A00F82451 /* Project object */ = {
			isa = PBXProject;
			attributes = {
				BuildIndependentTargetsInParallel = 1;
				LastSwiftUpdateCheck = 1340;
				LastUpgradeCheck = 1340;
				TargetAttributes = {
					91EBF7F428F6FC5A00F82451 = {
						CreatedOnToolsVersion = 13.4.1;
					};
				};
			};
			buildConfigurationList = 91EBF7F028F6FC5A00F82451 /* Build configuration list for PBXProject "BruteForce" */;
			compatibilityVersion = "Xcode 13.0";
			developmentRegion = en;
			hasScannedForEncodings = 0;
			knownRegions = (
				en,
				Base,
			);
			mainGroup = 91EBF7EC28F6FC5A00F82451;
			packageReferences = (
				91EBF81228F7502200F82451 /* XCRemoteSwiftPackageReference "SnapKit" */,
			);
			productRefGroup = 91EBF7F628F6FC5A00F82451 /* Products */;
			projectDirPath = "";
			projectRoot = "";
			targets = (
				91EBF7F428F6FC5A00F82451 /* BruteForce */,
			);
		};
/* End PBXProject section */

/* Begin PBXResourcesBuildPhase section */
		91EBF7F328F6FC5A00F82451 /* Resources */ = {
			isa = PBXResourcesBuildPhase;
			buildActionMask = 2147483647;
			files = (
				91EBF80528F6FC5D00F82451 /* LaunchScreen.storyboard in Resources */,
				91EBF80228F6FC5D00F82451 /* Assets.xcassets in Resources */,
			);
			runOnlyForDeploymentPostprocessing = 0;
		};
/* End PBXResourcesBuildPhase section */

/* Begin PBXSourcesBuildPhase section */
		91EBF7F128F6FC5A00F82451 /* Sources */ = {
			isa = PBXSourcesBuildPhase;
			buildActionMask = 2147483647;
			files = (
				91EBF7FD28F6FC5A00F82451 /* ViewController.swift in Sources */,
				91EBF7F928F6FC5A00F82451 /* AppDelegate.swift in Sources */,
				91EBF81128F74DE200F82451 /* String + Extension.swift in Sources */,
				91EBF7FB28F6FC5A00F82451 /* SceneDelegate.swift in Sources */,
			);
			runOnlyForDeploymentPostprocessing = 0;
		};
/* End PBXSourcesBuildPhase section */

/* Begin PBXVariantGroup section */
		91EBF80328F6FC5D00F82451 /* LaunchScreen.storyboard */ = {
			isa = PBXVariantGroup;
			children = (
				91EBF80428F6FC5D00F82451 /* Base */,
			);
			name = LaunchScreen.storyboard;
			sourceTree = "<group>";
		};
/* End PBXVariantGroup section */

/* Begin XCBuildConfiguration section */
		91EBF80728F6FC5D00F82451 /* Debug */ = {
			isa = XCBuildConfiguration;
			buildSettings = {
				ALWAYS_SEARCH_USER_PATHS = NO;
				CLANG_ANALYZER_NONNULL = YES;
				CLANG_ANALYZER_NUMBER_OBJECT_CONVERSION = YES_AGGRESSIVE;
				CLANG_CXX_LANGUAGE_STANDARD = "gnu++17";
				CLANG_ENABLE_MODULES = YES;
				CLANG_ENABLE_OBJC_ARC = YES;
				CLANG_ENABLE_OBJC_WEAK = YES;
				CLANG_WARN_BLOCK_CAPTURE_AUTORELEASING = YES;
				CLANG_WARN_BOOL_CONVERSION = YES;
				CLANG_WARN_COMMA = YES;
				CLANG_WARN_CONSTANT_CONVERSION = YES;
				CLANG_WARN_DEPRECATED_OBJC_IMPLEMENTATIONS = YES;
				CLANG_WARN_DIRECT_OBJC_ISA_USAGE = YES_ERROR;
				CLANG_WARN_DOCUMENTATION_COMMENTS = YES;
				CLANG_WARN_EMPTY_BODY = YES;
				CLANG_WARN_ENUM_CONVERSION = YES;
				CLANG_WARN_INFINITE_RECURSION = YES;
				CLANG_WARN_INT_CONVERSION = YES;
				CLANG_WARN_NON_LITERAL_NULL_CONVERSION = YES;
				CLANG_WARN_OBJC_IMPLICIT_RETAIN_SELF = YES;
				CLANG_WARN_OBJC_LITERAL_CONVERSION = YES;
				CLANG_WARN_OBJC_ROOT_CLASS = YES_ERROR;
				CLANG_WARN_QUOTED_INCLUDE_IN_FRAMEWORK_HEADER = YES;
				CLANG_WARN_RANGE_LOOP_ANALYSIS = YES;
				CLANG_WARN_STRICT_PROTOTYPES = YES;
				CLANG_WARN_SUSPICIOUS_MOVE = YES;
				CLANG_WARN_UNGUARDED_AVAILABILITY = YES_AGGRESSIVE;
				CLANG_WARN_UNREACHABLE_CODE = YES;
				CLANG_WARN__DUPLICATE_METHOD_MATCH = YES;
				COPY_PHASE_STRIP = NO;
				DEBUG_INFORMATION_FORMAT = dwarf;
				ENABLE_STRICT_OBJC_MSGSEND = YES;
				ENABLE_TESTABILITY = YES;
				GCC_C_LANGUAGE_STANDARD = gnu11;
				GCC_DYNAMIC_NO_PIC = NO;
				GCC_NO_COMMON_BLOCKS = YES;
				GCC_OPTIMIZATION_LEVEL = 0;
				GCC_PREPROCESSOR_DEFINITIONS = (
					"DEBUG=1",
					"$(inherited)",
				);
				GCC_WARN_64_TO_32_BIT_CONVERSION = YES;
				GCC_WARN_ABOUT_RETURN_TYPE = YES_ERROR;
				GCC_WARN_UNDECLARED_SELECTOR = YES;
				GCC_WARN_UNINITIALIZED_AUTOS = YES_AGGRESSIVE;
				GCC_WARN_UNUSED_FUNCTION = YES;
				GCC_WARN_UNUSED_VARIABLE = YES;
				IPHONEOS_DEPLOYMENT_TARGET = 15.5;
				MTL_ENABLE_DEBUG_INFO = INCLUDE_SOURCE;
				MTL_FAST_MATH = YES;
				ONLY_ACTIVE_ARCH = YES;
				SDKROOT = iphoneos;
				SWIFT_ACTIVE_COMPILATION_CONDITIONS = DEBUG;
				SWIFT_OPTIMIZATION_LEVEL = "-Onone";
			};
			name = Debug;
		};
		91EBF80828F6FC5D00F82451 /* Release */ = {
			isa = XCBuildConfiguration;
			buildSettings = {
				ALWAYS_SEARCH_USER_PATHS = NO;
				CLANG_ANALYZER_NONNULL = YES;
				CLANG_ANALYZER_NUMBER_OBJECT_CONVERSION = YES_AGGRESSIVE;
				CLANG_CXX_LANGUAGE_STANDARD = "gnu++17";
				CLANG_ENABLE_MODULES = YES;
				CLANG_ENABLE_OBJC_ARC = YES;
				CLANG_ENABLE_OBJC_WEAK = YES;
				CLANG_WARN_BLOCK_CAPTURE_AUTORELEASING = YES;
				CLANG_WARN_BOOL_CONVERSION = YES;
				CLANG_WARN_COMMA = YES;
				CLANG_WARN_CONSTANT_CONVERSION = YES;
				CLANG_WARN_DEPRECATED_OBJC_IMPLEMENTATIONS = YES;
				CLANG_WARN_DIRECT_OBJC_ISA_USAGE = YES_ERROR;
				CLANG_WARN_DOCUMENTATION_COMMENTS = YES;
				CLANG_WARN_EMPTY_BODY = YES;
				CLANG_WARN_ENUM_CONVERSION = YES;
				CLANG_WARN_INFINITE_RECURSION = YES;
				CLANG_WARN_INT_CONVERSION = YES;
				CLANG_WARN_NON_LITERAL_NULL_CONVERSION = YES;
				CLANG_WARN_OBJC_IMPLICIT_RETAIN_SELF = YES;
				CLANG_WARN_OBJC_LITERAL_CONVERSION = YES;
				CLANG_WARN_OBJC_ROOT_CLASS = YES_ERROR;
				CLANG_WARN_QUOTED_INCLUDE_IN_FRAMEWORK_HEADER = YES;
				CLANG_WARN_RANGE_LOOP_ANALYSIS = YES;
				CLANG_WARN_STRICT_PROTOTYPES = YES;
				CLANG_WARN_SUSPICIOUS_MOVE = YES;
				CLANG_WARN_UNGUARDED_AVAILABILITY = YES_AGGRESSIVE;
				CLANG_WARN_UNREACHABLE_CODE = YES;
				CLANG_WARN__DUPLICATE_METHOD_MATCH = YES;
				COPY_PHASE_STRIP = NO;
				DEBUG_INFORMATION_FORMAT = "dwarf-with-dsym";
				ENABLE_NS_ASSERTIONS = NO;
				ENABLE_STRICT_OBJC_MSGSEND = YES;
				GCC_C_LANGUAGE_STANDARD = gnu11;
				GCC_NO_COMMON_BLOCKS = YES;
				GCC_WARN_64_TO_32_BIT_CONVERSION = YES;
				GCC_WARN_ABOUT_RETURN_TYPE = YES_ERROR;
				GCC_WARN_UNDECLARED_SELECTOR = YES;
				GCC_WARN_UNINITIALIZED_AUTOS = YES_AGGRESSIVE;
				GCC_WARN_UNUSED_FUNCTION = YES;
				GCC_WARN_UNUSED_VARIABLE = YES;
				IPHONEOS_DEPLOYMENT_TARGET = 15.5;
				MTL_ENABLE_DEBUG_INFO = NO;
				MTL_FAST_MATH = YES;
				SDKROOT = iphoneos;
				SWIFT_COMPILATION_MODE = wholemodule;
				SWIFT_OPTIMIZATION_LEVEL = "-O";
				VALIDATE_PRODUCT = YES;
			};
			name = Release;
		};
		91EBF80A28F6FC5D00F82451 /* Debug */ = {
			isa = XCBuildConfiguration;
			buildSettings = {
				ASSETCATALOG_COMPILER_APPICON_NAME = AppIcon;
				ASSETCATALOG_COMPILER_GLOBAL_ACCENT_COLOR_NAME = AccentColor;
				CODE_SIGN_STYLE = Automatic;
				CURRENT_PROJECT_VERSION = 1;
				DEVELOPMENT_TEAM = 66ZXKDA6XW;
				GENERATE_INFOPLIST_FILE = YES;
				INFOPLIST_FILE = BruteForce/Resources/Info.plist;
				INFOPLIST_KEY_UIApplicationSupportsIndirectInputEvents = YES;
				INFOPLIST_KEY_UILaunchStoryboardName = LaunchScreen;
				INFOPLIST_KEY_UISupportedInterfaceOrientations_iPad = "UIInterfaceOrientationPortrait UIInterfaceOrientationPortraitUpsideDown UIInterfaceOrientationLandscapeLeft UIInterfaceOrientationLandscapeRight";
				INFOPLIST_KEY_UISupportedInterfaceOrientations_iPhone = "UIInterfaceOrientationPortrait UIInterfaceOrientationLandscapeLeft UIInterfaceOrientationLandscapeRight";
				LD_RUNPATH_SEARCH_PATHS = (
					"$(inherited)",
					"@executable_path/Frameworks",
				);
				MARKETING_VERSION = 1.0;
				PRODUCT_BUNDLE_IDENTIFIER = LA.my.BruteForce;
				PRODUCT_NAME = "$(TARGET_NAME)";
				SWIFT_EMIT_LOC_STRINGS = YES;
				SWIFT_VERSION = 5.0;
				TARGETED_DEVICE_FAMILY = "1,2";
			};
			name = Debug;
		};
		91EBF80B28F6FC5D00F82451 /* Release */ = {
			isa = XCBuildConfiguration;
			buildSettings = {
				ASSETCATALOG_COMPILER_APPICON_NAME = AppIcon;
				ASSETCATALOG_COMPILER_GLOBAL_ACCENT_COLOR_NAME = AccentColor;
				CODE_SIGN_STYLE = Automatic;
				CURRENT_PROJECT_VERSION = 1;
				DEVELOPMENT_TEAM = 66ZXKDA6XW;
				GENERATE_INFOPLIST_FILE = YES;
				INFOPLIST_FILE = BruteForce/Resources/Info.plist;
				INFOPLIST_KEY_UIApplicationSupportsIndirectInputEvents = YES;
				INFOPLIST_KEY_UILaunchStoryboardName = LaunchScreen;
				INFOPLIST_KEY_UISupportedInterfaceOrientations_iPad = "UIInterfaceOrientationPortrait UIInterfaceOrientationPortraitUpsideDown UIInterfaceOrientationLandscapeLeft UIInterfaceOrientationLandscapeRight";
				INFOPLIST_KEY_UISupportedInterfaceOrientations_iPhone = "UIInterfaceOrientationPortrait UIInterfaceOrientationLandscapeLeft UIInterfaceOrientationLandscapeRight";
				LD_RUNPATH_SEARCH_PATHS = (
					"$(inherited)",
					"@executable_path/Frameworks",
				);
				MARKETING_VERSION = 1.0;
				PRODUCT_BUNDLE_IDENTIFIER = LA.my.BruteForce;
				PRODUCT_NAME = "$(TARGET_NAME)";
				SWIFT_EMIT_LOC_STRINGS = YES;
				SWIFT_VERSION = 5.0;
				TARGETED_DEVICE_FAMILY = "1,2";
			};
			name = Release;
		};
/* End XCBuildConfiguration section */

/* Begin XCConfigurationList section */
		91EBF7F028F6FC5A00F82451 /* Build configuration list for PBXProject "BruteForce" */ = {
			isa = XCConfigurationList;
			buildConfigurations = (
				91EBF80728F6FC5D00F82451 /* Debug */,
				91EBF80828F6FC5D00F82451 /* Release */,
			);
			defaultConfigurationIsVisible = 0;
			defaultConfigurationName = Release;
		};
		91EBF80928F6FC5D00F82451 /* Build configuration list for PBXNativeTarget "BruteForce" */ = {
			isa = XCConfigurationList;
			buildConfigurations = (
				91EBF80A28F6FC5D00F82451 /* Debug */,
				91EBF80B28F6FC5D00F82451 /* Release */,
			);
			defaultConfigurationIsVisible = 0;
			defaultConfigurationName = Release;
		};
/* End XCConfigurationList section */

/* Begin XCRemoteSwiftPackageReference section */
		91EBF81228F7502200F82451 /* XCRemoteSwiftPackageReference "SnapKit" */ = {
			isa = XCRemoteSwiftPackageReference;
			repositoryURL = "https://github.com/SnapKit/SnapKit.git";
			requirement = {
				branch = develop;
				kind = branch;
			};
		};
/* End XCRemoteSwiftPackageReference section */

/* Begin XCSwiftPackageProductDependency section */
		91EBF81328F7502200F82451 /* SnapKit */ = {
			isa = XCSwiftPackageProductDependency;
			package = 91EBF81228F7502200F82451 /* XCRemoteSwiftPackageReference "SnapKit" */;
			productName = SnapKit;
		};
/* End XCSwiftPackageProductDependency section */
	};
	rootObject = 91EBF7ED28F6FC5A00F82451 /* Project object */;
}
